github.com/jamespoulin007/cv-hugo-theme v1.1.2-0.20250410023245-08540a99c96d h1:7HpeMa9HamlmunU1GInGoH00wb7k1Cppb4PuNpi6R/U=
github.com/jamespoulin007/cv-hugo-theme v1.1.2-0.20250410023245-08540a99c96d/go.mod h1:QTgux2zdyLolPBTMwhjKl9rBrQQ3+/50mG6fiwwzIfM=
github.com/jamespoulin007/cv-hugo-theme v1.1.2-0.20250410024537-85a49d3b07d8 h1:3fMHi87cYhvIBqhG3sasa6aQaMlqQ+Sj7dLSIpm70Ko=
github.com/jamespoulin007/cv-hugo-theme v1.1.2-0.20250410024537-85a49d3b07d8/go.mod h1:QTgux2zdyLolPBTMwhjKl9rBrQQ3+/50mG6fiwwzIfM=
github.com/jamespoulin007/cv-hugo-theme v1.1.2-0.20250410025032-1a3ca0b9bcb1 h1:CZri1FhP82jm6RmCjzwOYAmloWrOJWofoOK5bf7LqtU=
github.com/jamespoulin007/cv-hugo-theme v1.1.2-0.20250410025032-1a3ca0b9bcb1/go.mod h1:QTgux2zdyLolPBTMwhjKl9rBrQQ3+/50mG6fiwwzIfM=
